
Microsoft Visual Studio Solution File, Format Version 12.00
# Visual Studio Version 17
VisualStudioVersion = 17.0.31903.59
MinimumVisualStudioVersion = 10.0.40219.1
Project("{2150E333-8FDC-42A3-9474-1A3956D46DE8}") = "user-management", "user-management", "{81BB4710-23E1-4E0F-BBEB-85E37157764A}"
EndProject
Project("{FAE04EC0-301F-11D3-BF4B-00C04F79EFBC}") = "ERP.UserManagement.Api", "user-management\ERP.UserManagement.Api\ERP.UserManagement.Api.csproj", "{12062FE2-8E22-44E2-BECE-DDCBCD18AE5C}"
EndProject
Global
	GlobalSection(SolutionConfigurationPlatforms) = preSolution
		Debug|Any CPU = Debug|Any CPU
		Release|Any CPU = Release|Any CPU
	EndGlobalSection
	GlobalSection(ProjectConfigurationPlatforms) = postSolution
		{12062FE2-8E22-44E2-BECE-DDCBCD18AE5C}.Debug|Any CPU.ActiveCfg = Debug|Any CPU
		{12062FE2-8E22-44E2-BECE-DDCBCD18AE5C}.Debug|Any CPU.Build.0 = Debug|Any CPU
		{12062FE2-8E22-44E2-BECE-DDCBCD18AE5C}.Release|Any CPU.ActiveCfg = Release|Any CPU
		{12062FE2-8E22-44E2-BECE-DDCBCD18AE5C}.Release|Any CPU.Build.0 = Release|Any CPU
	EndGlobalSection
	GlobalSection(SolutionProperties) = preSolution
		HideSolutionNode = FALSE
	EndGlobalSection
	GlobalSection(NestedProjects) = preSolution
		{12062FE2-8E22-44E2-BECE-DDCBCD18AE5C} = {81BB4710-23E1-4E0F-BBEB-85E37157764A}
	EndGlobalSection
EndGlobal
